// !$*UTF8*$!
{
	archiveVersion = 1;
	classes = {
	};
	objectVersion = 56;
	objects = {

/* Begin PBXBuildFile section */
		D10F12FD2C950532009B3C67 /* DoughToBreadApp.swift in Sources */ = {isa = PBXBuildFile; fileRef = D10F12FC2C950532009B3C67 /* DoughToBreadApp.swift */; };
		D10F12FF2C950532009B3C67 /* ContentView.swift in Sources */ = {isa = PBXBuildFile; fileRef = D10F12FE2C950532009B3C67 /* ContentView.swift */; };
		D10F13012C950535009B3C67 /* Assets.xcassets in Resources */ = {isa = PBXBuildFile; fileRef = D10F13002C950535009B3C67 /* Assets.xcassets */; };
		D10F13042C950535009B3C67 /* Preview Assets.xcassets in Resources */ = {isa = PBXBuildFile; fileRef = D10F13032C950535009B3C67 /* Preview Assets.xcassets */; };
		D10F130E2C950535009B3C67 /* DoughToBreadTests.swift in Sources */ = {isa = PBXBuildFile; fileRef = D10F130D2C950535009B3C67 /* DoughToBreadTests.swift */; };
		D10F13182C950535009B3C67 /* DoughToBreadUITests.swift in Sources */ = {isa = PBXBuildFile; fileRef = D10F13172C950535009B3C67 /* DoughToBreadUITests.swift */; };
		D10F131A2C950535009B3C67 /* DoughToBreadUITestsLaunchTests.swift in Sources */ = {isa = PBXBuildFile; fileRef = D10F13192C950535009B3C67 /* DoughToBreadUITestsLaunchTests.swift */; };
/* End PBXBuildFile section */

/* Begin PBXContainerItemProxy section */
		D10F130A2C950535009B3C67 /* PBXContainerItemProxy */ = {
			isa = PBXContainerItemProxy;
			containerPortal = D10F12F12C950532009B3C67 /* Project object */;
			proxyType = 1;
			remoteGlobalIDString = D10F12F82C950532009B3C67;
			remoteInfo = DoughToBread;
		};
		D10F13142C950535009B3C67 /* PBXContainerItemProxy */ = {
			isa = PBXContainerItemProxy;
			containerPortal = D10F12F12C950532009B3C67 /* Project object */;
			proxyType = 1;
			remoteGlobalIDString = D10F12F82C950532009B3C67;
			remoteInfo = DoughToBread;
		};
/* End PBXContainerItemProxy section */

/* Begin PBXFileReference section */
		D10F12F92C950532009B3C67 /* DoughToBread.app */ = {isa = PBXFileReference; explicitFileType = wrapper.application; includeInIndex = 0; path = DoughToBread.app; sourceTree = BUILT_PRODUCTS_DIR; };
		D10F12FC2C950532009B3C67 /* DoughToBreadApp.swift */ = {isa = PBXFileReference; lastKnownFileType = sourcecode.swift; path = DoughToBreadApp.swift; sourceTree = "<group>"; };
		D10F12FE2C950532009B3C67 /* ContentView.swift */ = {isa = PBXFileReference; lastKnownFileType = sourcecode.swift; path = ContentView.swift; sourceTree = "<group>"; };
		D10F13002C950535009B3C67 /* Assets.xcassets */ = {isa = PBXFileReference; lastKnownFileType = folder.assetcatalog; path = Assets.xcassets; sourceTree = "<group>"; };
		D10F13032C950535009B3C67 /* Preview Assets.xcassets */ = {isa = PBXFileReference; lastKnownFileType = folder.assetcatalog; path = "Preview Assets.xcassets"; sourceTree = "<group>"; };
		D10F13092C950535009B3C67 /* DoughToBreadTests.xctest */ = {isa = PBXFileReference; explicitFileType = wrapper.cfbundle; includeInIndex = 0; path = DoughToBreadTests.xctest; sourceTree = BUILT_PRODUCTS_DIR; };
		D10F130D2C950535009B3C67 /* DoughToBreadTests.swift */ = {isa = PBXFileReference; lastKnownFileType = sourcecode.swift; path = DoughToBreadTests.swift; sourceTree = "<group>"; };
		D10F13132C950535009B3C67 /* DoughToBreadUITests.xctest */ = {isa = PBXFileReference; explicitFileType = wrapper.cfbundle; includeInIndex = 0; path = DoughToBreadUITests.xctest; sourceTree = BUILT_PRODUCTS_DIR; };
		D10F13172C950535009B3C67 /* DoughToBreadUITests.swift */ = {isa = PBXFileReference; lastKnownFileType = sourcecode.swift; path = DoughToBreadUITests.swift; sourceTree = "<group>"; };
		D10F13192C950535009B3C67 /* DoughToBreadUITestsLaunchTests.swift */ = {isa = PBXFileReference; lastKnownFileType = sourcecode.swift; path = DoughToBreadUITestsLaunchTests.swift; sourceTree = "<group>"; };
/* End PBXFileReference section */

/* Begin PBXFrameworksBuildPhase section */
		D10F12F62C950532009B3C67 /* Frameworks */ = {
			isa = PBXFrameworksBuildPhase;
			buildActionMask = 2147483647;
			files = (
			);
			runOnlyForDeploymentPostprocessing = 0;
		};
		D10F13062C950535009B3C67 /* Frameworks */ = {
			isa = PBXFrameworksBuildPhase;
			buildActionMask = 2147483647;
			files = (
			);
			runOnlyForDeploymentPostprocessing = 0;
		};
		D10F13102C950535009B3C67 /* Frameworks */ = {
			isa = PBXFrameworksBuildPhase;
			buildActionMask = 2147483647;
			files = (
			);
			runOnlyForDeploymentPostprocessing = 0;
		};
/* End PBXFrameworksBuildPhase section */

/* Begin PBXGroup section */
		D10F12F02C950532009B3C67 = {
			isa = PBXGroup;
			children = (
				D10F12FB2C950532009B3C67 /* DoughToBread */,
				D10F130C2C950535009B3C67 /* DoughToBreadTests */,
				D10F13162C950535009B3C67 /* DoughToBreadUITests */,
				D10F12FA2C950532009B3C67 /* Products */,
			);
			sourceTree = "<group>";
		};
		D10F12FA2C950532009B3C67 /* Products */ = {
			isa = PBXGroup;
			children = (
				D10F12F92C950532009B3C67 /* DoughToBread.app */,
				D10F13092C950535009B3C67 /* DoughToBreadTests.xctest */,
				D10F13132C950535009B3C67 /* DoughToBreadUITests.xctest */,
			);
			name = Products;
			sourceTree = "<group>";
		};
		D10F12FB2C950532009B3C67 /* DoughToBread */ = {
			isa = PBXGroup;
			children = (
				D10F13282C95055F009B3C67 /* View */,
				D10F13272C950559009B3C67 /* ViewModel */,
				D10F13262C950553009B3C67 /* Model */,
				D10F12FC2C950532009B3C67 /* DoughToBreadApp.swift */,
				D10F12FE2C950532009B3C67 /* ContentView.swift */,
				D10F13002C950535009B3C67 /* Assets.xcassets */,
				D10F13022C950535009B3C67 /* Preview Content */,
			);
			path = DoughToBread;
			sourceTree = "<group>";
		};
		D10F13022C950535009B3C67 /* Preview Content */ = {
			isa = PBXGroup;
			children = (
				D10F13032C950535009B3C67 /* Preview Assets.xcassets */,
			);
			path = "Preview Content";
			sourceTree = "<group>";
		};
		D10F130C2C950535009B3C67 /* DoughToBreadTests */ = {
			isa = PBXGroup;
			children = (
				D10F130D2C950535009B3C67 /* DoughToBreadTests.swift */,
			);
			path = DoughToBreadTests;
			sourceTree = "<group>";
		};
		D10F13162C950535009B3C67 /* DoughToBreadUITests */ = {
			isa = PBXGroup;
			children = (
				D10F13172C950535009B3C67 /* DoughToBreadUITests.swift */,
				D10F13192C950535009B3C67 /* DoughToBreadUITestsLaunchTests.swift */,
			);
			path = DoughToBreadUITests;
			sourceTree = "<group>";
		};
		D10F13262C950553009B3C67 /* Model */ = {
			isa = PBXGroup;
			children = (
			);
			path = Model;
			sourceTree = "<group>";
		};
		D10F13272C950559009B3C67 /* ViewModel */ = {
			isa = PBXGroup;
			children = (
			);
			path = ViewModel;
			sourceTree = "<group>";
		};
		D10F13282C95055F009B3C67 /* View */ = {
			isa = PBXGroup;
			children = (
			);
			path = View;
			sourceTree = "<group>";
		};
/* End PBXGroup section */

/* Begin PBXNativeTarget section */
		D10F12F82C950532009B3C67 /* DoughToBread */ = {
			isa = PBXNativeTarget;
			buildConfigurationList = D10F131D2C950535009B3C67 /* Build configuration list for PBXNativeTarget "DoughToBread" */;
			buildPhases = (
				D10F12F52C950532009B3C67 /* Sources */,
				D10F12F62C950532009B3C67 /* Frameworks */,
				D10F12F72C950532009B3C67 /* Resources */,
			);
			buildRules = (
			);
			dependencies = (
			);
			name = DoughToBread;
			productName = DoughToBread;
			productReference = D10F12F92C950532009B3C67 /* DoughToBread.app */;
			productType = "com.apple.product-type.application";
		};
		D10F13082C950535009B3C67 /* DoughToBreadTests */ = {
			isa = PBXNativeTarget;
			buildConfigurationList = D10F13202C950535009B3C67 /* Build configuration list for PBXNativeTarget "DoughToBreadTests" */;
			buildPhases = (
				D10F13052C950535009B3C67 /* Sources */,
				D10F13062C950535009B3C67 /* Frameworks */,
				D10F13072C950535009B3C67 /* Resources */,
			);
			buildRules = (
			);
			dependencies = (
				D10F130B2C950535009B3C67 /* PBXTargetDependency */,
			);
			name = DoughToBreadTests;
			productName = DoughToBreadTests;
			productReference = D10F13092C950535009B3C67 /* DoughToBreadTests.xctest */;
			productType = "com.apple.product-type.bundle.unit-test";
		};
		D10F13122C950535009B3C67 /* DoughToBreadUITests */ = {
			isa = PBXNativeTarget;
			buildConfigurationList = D10F13232C950535009B3C67 /* Build configuration list for PBXNativeTarget "DoughToBreadUITests" */;
			buildPhases = (
				D10F130F2C950535009B3C67 /* Sources */,
				D10F13102C950535009B3C67 /* Frameworks */,
				D10F13112C950535009B3C67 /* Resources */,
			);
			buildRules = (
			);
			dependencies = (
				D10F13152C950535009B3C67 /* PBXTargetDependency */,
			);
			name = DoughToBreadUITests;
			productName = DoughToBreadUITests;
			productReference = D10F13132C950535009B3C67 /* DoughToBreadUITests.xctest */;
			productType = "com.apple.product-type.bundle.ui-testing";
		};
/* End PBXNativeTarget section */

/* Begin PBXProject section */
		D10F12F12C950532009B3C67 /* Project object */ = {
			isa = PBXProject;
			attributes = {
				BuildIndependentTargetsInParallel = 1;
				LastSwiftUpdateCheck = 1540;
				LastUpgradeCheck = 1540;
				TargetAttributes = {
					D10F12F82C950532009B3C67 = {
						CreatedOnToolsVersion = 15.4;
					};
					D10F13082C950535009B3C67 = {
						CreatedOnToolsVersion = 15.4;
						TestTargetID = D10F12F82C950532009B3C67;
					};
					D10F13122C950535009B3C67 = {
						CreatedOnToolsVersion = 15.4;
						TestTargetID = D10F12F82C950532009B3C67;
					};
				};
			};
			buildConfigurationList = D10F12F42C950532009B3C67 /* Build configuration list for PBXProject "DoughToBread" */;
			compatibilityVersion = "Xcode 14.0";
			developmentRegion = en;
			hasScannedForEncodings = 0;
			knownRegions = (
				en,
				Base,
			);
			mainGroup = D10F12F02C950532009B3C67;
			productRefGroup = D10F12FA2C950532009B3C67 /* Products */;
			projectDirPath = "";
			projectRoot = "";
			targets = (
				D10F12F82C950532009B3C67 /* DoughToBread */,
				D10F13082C950535009B3C67 /* DoughToBreadTests */,
				D10F13122C950535009B3C67 /* DoughToBreadUITests */,
			);
		};
/* End PBXProject section */

/* Begin PBXResourcesBuildPhase section */
		D10F12F72C950532009B3C67 /* Resources */ = {
			isa = PBXResourcesBuildPhase;
			buildActionMask = 2147483647;
			files = (
				D10F13042C950535009B3C67 /* Preview Assets.xcassets in Resources */,
				D10F13012C950535009B3C67 /* Assets.xcassets in Resources */,
			);
			runOnlyForDeploymentPostprocessing = 0;
		};
		D10F13072C950535009B3C67 /* Resources */ = {
			isa = PBXResourcesBuildPhase;
			buildActionMask = 2147483647;
			files = (
			);
			runOnlyForDeploymentPostprocessing = 0;
		};
		D10F13112C950535009B3C67 /* Resources */ = {
			isa = PBXResourcesBuildPhase;
			buildActionMask = 2147483647;
			files = (
			);
			runOnlyForDeploymentPostprocessing = 0;
		};
/* End PBXResourcesBuildPhase section */

/* Begin PBXSourcesBuildPhase section */
		D10F12F52C950532009B3C67 /* Sources */ = {
			isa = PBXSourcesBuildPhase;
			buildActionMask = 2147483647;
			files = (
				D10F12FF2C950532009B3C67 /* ContentView.swift in Sources */,
				D10F12FD2C950532009B3C67 /* DoughToBreadApp.swift in Sources */,
			);
			runOnlyForDeploymentPostprocessing = 0;
		};
		D10F13052C950535009B3C67 /* Sources */ = {
			isa = PBXSourcesBuildPhase;
			buildActionMask = 2147483647;
			files = (
				D10F130E2C950535009B3C67 /* DoughToBreadTests.swift in Sources */,
			);
			runOnlyForDeploymentPostprocessing = 0;
		};
		D10F130F2C950535009B3C67 /* Sources */ = {
			isa = PBXSourcesBuildPhase;
			buildActionMask = 2147483647;
			files = (
				D10F131A2C950535009B3C67 /* DoughToBreadUITestsLaunchTests.swift in Sources */,
				D10F13182C950535009B3C67 /* DoughToBreadUITests.swift in Sources */,
			);
			runOnlyForDeploymentPostprocessing = 0;
		};
/* End PBXSourcesBuildPhase section */

/* Begin PBXTargetDependency section */
		D10F130B2C950535009B3C67 /* PBXTargetDependency */ = {
			isa = PBXTargetDependency;
			target = D10F12F82C950532009B3C67 /* DoughToBread */;
			targetProxy = D10F130A2C950535009B3C67 /* PBXContainerItemProxy */;
		};
		D10F13152C950535009B3C67 /* PBXTargetDependency */ = {
			isa = PBXTargetDependency;
			target = D10F12F82C950532009B3C67 /* DoughToBread */;
			targetProxy = D10F13142C950535009B3C67 /* PBXContainerItemProxy */;
		};
/* End PBXTargetDependency section */

/* Begin XCBuildConfiguration section */
		D10F131B2C950535009B3C67 /* Debug */ = {
			isa = XCBuildConfiguration;
			buildSettings = {
				ALWAYS_SEARCH_USER_PATHS = NO;
				ASSETCATALOG_COMPILER_GENERATE_SWIFT_ASSET_SYMBOL_EXTENSIONS = YES;
				CLANG_ANALYZER_NONNULL = YES;
				CLANG_ANALYZER_NUMBER_OBJECT_CONVERSION = YES_AGGRESSIVE;
				CLANG_CXX_LANGUAGE_STANDARD = "gnu++20";
				CLANG_ENABLE_MODULES = YES;
				CLANG_ENABLE_OBJC_ARC = YES;
				CLANG_ENABLE_OBJC_WEAK = YES;
				CLANG_WARN_BLOCK_CAPTURE_AUTORELEASING = YES;
				CLANG_WARN_BOOL_CONVERSION = YES;
				CLANG_WARN_COMMA = YES;
				CLANG_WARN_CONSTANT_CONVERSION = YES;
				CLANG_WARN_DEPRECATED_OBJC_IMPLEMENTATIONS = YES;
				CLANG_WARN_DIRECT_OBJC_ISA_USAGE = YES_ERROR;
				CLANG_WARN_DOCUMENTATION_COMMENTS = YES;
				CLANG_WARN_EMPTY_BODY = YES;
				CLANG_WARN_ENUM_CONVERSION = YES;
				CLANG_WARN_INFINITE_RECURSION = YES;
				CLANG_WARN_INT_CONVERSION = YES;
				CLANG_WARN_NON_LITERAL_NULL_CONVERSION = YES;
				CLANG_WARN_OBJC_IMPLICIT_RETAIN_SELF = YES;
				CLANG_WARN_OBJC_LITERAL_CONVERSION = YES;
				CLANG_WARN_OBJC_ROOT_CLASS = YES_ERROR;
				CLANG_WARN_QUOTED_INCLUDE_IN_FRAMEWORK_HEADER = YES;
				CLANG_WARN_RANGE_LOOP_ANALYSIS = YES;
				CLANG_WARN_STRICT_PROTOTYPES = YES;
				CLANG_WARN_SUSPICIOUS_MOVE = YES;
				CLANG_WARN_UNGUARDED_AVAILABILITY = YES_AGGRESSIVE;
				CLANG_WARN_UNREACHABLE_CODE = YES;
				CLANG_WARN__DUPLICATE_METHOD_MATCH = YES;
				COPY_PHASE_STRIP = NO;
				DEBUG_INFORMATION_FORMAT = dwarf;
				ENABLE_STRICT_OBJC_MSGSEND = YES;
				ENABLE_TESTABILITY = YES;
				ENABLE_USER_SCRIPT_SANDBOXING = YES;
				GCC_C_LANGUAGE_STANDARD = gnu17;
				GCC_DYNAMIC_NO_PIC = NO;
				GCC_NO_COMMON_BLOCKS = YES;
				GCC_OPTIMIZATION_LEVEL = 0;
				GCC_PREPROCESSOR_DEFINITIONS = (
					"DEBUG=1",
					"$(inherited)",
				);
				GCC_WARN_64_TO_32_BIT_CONVERSION = YES;
				GCC_WARN_ABOUT_RETURN_TYPE = YES_ERROR;
				GCC_WARN_UNDECLARED_SELECTOR = YES;
				GCC_WARN_UNINITIALIZED_AUTOS = YES_AGGRESSIVE;
				GCC_WARN_UNUSED_FUNCTION = YES;
				GCC_WARN_UNUSED_VARIABLE = YES;
				IPHONEOS_DEPLOYMENT_TARGET = 17.5;
				LOCALIZATION_PREFERS_STRING_CATALOGS = YES;
				MTL_ENABLE_DEBUG_INFO = INCLUDE_SOURCE;
				MTL_FAST_MATH = YES;
				ONLY_ACTIVE_ARCH = YES;
				SDKROOT = iphoneos;
				SWIFT_ACTIVE_COMPILATION_CONDITIONS = "DEBUG $(inherited)";
				SWIFT_OPTIMIZATION_LEVEL = "-Onone";
			};
			name = Debug;
		};
		D10F131C2C950535009B3C67 /* Release */ = {
			isa = XCBuildConfiguration;
			buildSettings = {
				ALWAYS_SEARCH_USER_PATHS = NO;
				ASSETCATALOG_COMPILER_GENERATE_SWIFT_ASSET_SYMBOL_EXTENSIONS = YES;
				CLANG_ANALYZER_NONNULL = YES;
				CLANG_ANALYZER_NUMBER_OBJECT_CONVERSION = YES_AGGRESSIVE;
				CLANG_CXX_LANGUAGE_STANDARD = "gnu++20";
				CLANG_ENABLE_MODULES = YES;
				CLANG_ENABLE_OBJC_ARC = YES;
				CLANG_ENABLE_OBJC_WEAK = YES;
				CLANG_WARN_BLOCK_CAPTURE_AUTORELEASING = YES;
				CLANG_WARN_BOOL_CONVERSION = YES;
				CLANG_WARN_COMMA = YES;
				CLANG_WARN_CONSTANT_CONVERSION = YES;
				CLANG_WARN_DEPRECATED_OBJC_IMPLEMENTATIONS = YES;
				CLANG_WARN_DIRECT_OBJC_ISA_USAGE = YES_ERROR;
				CLANG_WARN_DOCUMENTATION_COMMENTS = YES;
				CLANG_WARN_EMPTY_BODY = YES;
				CLANG_WARN_ENUM_CONVERSION = YES;
				CLANG_WARN_INFINITE_RECURSION = YES;
				CLANG_WARN_INT_CONVERSION = YES;
				CLANG_WARN_NON_LITERAL_NULL_CONVERSION = YES;
				CLANG_WARN_OBJC_IMPLICIT_RETAIN_SELF = YES;
				CLANG_WARN_OBJC_LITERAL_CONVERSION = YES;
				CLANG_WARN_OBJC_ROOT_CLASS = YES_ERROR;
				CLANG_WARN_QUOTED_INCLUDE_IN_FRAMEWORK_HEADER = YES;
				CLANG_WARN_RANGE_LOOP_ANALYSIS = YES;
				CLANG_WARN_STRICT_PROTOTYPES = YES;
				CLANG_WARN_SUSPICIOUS_MOVE = YES;
				CLANG_WARN_UNGUARDED_AVAILABILITY = YES_AGGRESSIVE;
				CLANG_WARN_UNREACHABLE_CODE = YES;
				CLANG_WARN__DUPLICATE_METHOD_MATCH = YES;
				COPY_PHASE_STRIP = NO;
				DEBUG_INFORMATION_FORMAT = "dwarf-with-dsym";
				ENABLE_NS_ASSERTIONS = NO;
				ENABLE_STRICT_OBJC_MSGSEND = YES;
				ENABLE_USER_SCRIPT_SANDBOXING = YES;
				GCC_C_LANGUAGE_STANDARD = gnu17;
				GCC_NO_COMMON_BLOCKS = YES;
				GCC_WARN_64_TO_32_BIT_CONVERSION = YES;
				GCC_WARN_ABOUT_RETURN_TYPE = YES_ERROR;
				GCC_WARN_UNDECLARED_SELECTOR = YES;
				GCC_WARN_UNINITIALIZED_AUTOS = YES_AGGRESSIVE;
				GCC_WARN_UNUSED_FUNCTION = YES;
				GCC_WARN_UNUSED_VARIABLE = YES;
				IPHONEOS_DEPLOYMENT_TARGET = 17.5;
				LOCALIZATION_PREFERS_STRING_CATALOGS = YES;
				MTL_ENABLE_DEBUG_INFO = NO;
				MTL_FAST_MATH = YES;
				SDKROOT = iphoneos;
				SWIFT_COMPILATION_MODE = wholemodule;
				VALIDATE_PRODUCT = YES;
			};
			name = Release;
		};
		D10F131E2C950535009B3C67 /* Debug */ = {
			isa = XCBuildConfiguration;
			buildSettings = {
				ASSETCATALOG_COMPILER_APPICON_NAME = AppIcon;
				ASSETCATALOG_COMPILER_GLOBAL_ACCENT_COLOR_NAME = AccentColor;
				CODE_SIGN_STYLE = Automatic;
				CURRENT_PROJECT_VERSION = 1;
				DEVELOPMENT_ASSET_PATHS = "\"DoughToBread/Preview Content\"";
				ENABLE_PREVIEWS = YES;
				GENERATE_INFOPLIST_FILE = YES;
				INFOPLIST_KEY_UIApplicationSceneManifest_Generation = YES;
				INFOPLIST_KEY_UIApplicationSupportsIndirectInputEvents = YES;
				INFOPLIST_KEY_UILaunchScreen_Generation = YES;
				INFOPLIST_KEY_UISupportedInterfaceOrientations_iPad = "UIInterfaceOrientationPortrait UIInterfaceOrientationPortraitUpsideDown UIInterfaceOrientationLandscapeLeft UIInterfaceOrientationLandscapeRight";
				INFOPLIST_KEY_UISupportedInterfaceOrientations_iPhone = "UIInterfaceOrientationPortrait UIInterfaceOrientationLandscapeLeft UIInterfaceOrientationLandscapeRight";
				LD_RUNPATH_SEARCH_PATHS = (
					"$(inherited)",
					"@executable_path/Frameworks",
				);
				MARKETING_VERSION = 1.0;
				PRODUCT_BUNDLE_IDENTIFIER = edu.usc.DoughToBread;
				PRODUCT_NAME = "$(TARGET_NAME)";
				SWIFT_EMIT_LOC_STRINGS = YES;
				SWIFT_VERSION = 5.0;
				TARGETED_DEVICE_FAMILY = "1,2";
			};
			name = Debug;
		};
		D10F131F2C950535009B3C67 /* Release */ = {
			isa = XCBuildConfiguration;
			buildSettings = {
				ASSETCATALOG_COMPILER_APPICON_NAME = AppIcon;
				ASSETCATALOG_COMPILER_GLOBAL_ACCENT_COLOR_NAME = AccentColor;
				CODE_SIGN_STYLE = Automatic;
				CURRENT_PROJECT_VERSION = 1;
				DEVELOPMENT_ASSET_PATHS = "\"DoughToBread/Preview Content\"";
				ENABLE_PREVIEWS = YES;
				GENERATE_INFOPLIST_FILE = YES;
				INFOPLIST_KEY_UIApplicationSceneManifest_Generation = YES;
				INFOPLIST_KEY_UIApplicationSupportsIndirectInputEvents = YES;
				INFOPLIST_KEY_UILaunchScreen_Generation = YES;
				INFOPLIST_KEY_UISupportedInterfaceOrientations_iPad = "UIInterfaceOrientationPortrait UIInterfaceOrientationPortraitUpsideDown UIInterfaceOrientationLandscapeLeft UIInterfaceOrientationLandscapeRight";
				INFOPLIST_KEY_UISupportedInterfaceOrientations_iPhone = "UIInterfaceOrientationPortrait UIInterfaceOrientationLandscapeLeft UIInterfaceOrientationLandscapeRight";
				LD_RUNPATH_SEARCH_PATHS = (
					"$(inherited)",
					"@executable_path/Frameworks",
				);
				MARKETING_VERSION = 1.0;
				PRODUCT_BUNDLE_IDENTIFIER = edu.usc.DoughToBread;
				PRODUCT_NAME = "$(TARGET_NAME)";
				SWIFT_EMIT_LOC_STRINGS = YES;
				SWIFT_VERSION = 5.0;
				TARGETED_DEVICE_FAMILY = "1,2";
			};
			name = Release;
		};
		D10F13212C950535009B3C67 /* Debug */ = {
			isa = XCBuildConfiguration;
			buildSettings = {
				ALWAYS_EMBED_SWIFT_STANDARD_LIBRARIES = YES;
				BUNDLE_LOADER = "$(TEST_HOST)";
				CODE_SIGN_STYLE = Automatic;
				CURRENT_PROJECT_VERSION = 1;
				GENERATE_INFOPLIST_FILE = YES;
				IPHONEOS_DEPLOYMENT_TARGET = 17.5;
				MARKETING_VERSION = 1.0;
				PRODUCT_BUNDLE_IDENTIFIER = edu.usc.DoughToBreadTests;
				PRODUCT_NAME = "$(TARGET_NAME)";
				SWIFT_EMIT_LOC_STRINGS = NO;
				SWIFT_VERSION = 5.0;
				TARGETED_DEVICE_FAMILY = "1,2";
				TEST_HOST = "$(BUILT_PRODUCTS_DIR)/DoughToBread.app/$(BUNDLE_EXECUTABLE_FOLDER_PATH)/DoughToBread";
			};
			name = Debug;
		};
		D10F13222C950535009B3C67 /* Release */ = {
			isa = XCBuildConfiguration;
			buildSettings = {
				ALWAYS_EMBED_SWIFT_STANDARD_LIBRARIES = YES;
				BUNDLE_LOADER = "$(TEST_HOST)";
				CODE_SIGN_STYLE = Automatic;
				CURRENT_PROJECT_VERSION = 1;
				GENERATE_INFOPLIST_FILE = YES;
				IPHONEOS_DEPLOYMENT_TARGET = 17.5;
				MARKETING_VERSION = 1.0;
				PRODUCT_BUNDLE_IDENTIFIER = edu.usc.DoughToBreadTests;
				PRODUCT_NAME = "$(TARGET_NAME)";
				SWIFT_EMIT_LOC_STRINGS = NO;
				SWIFT_VERSION = 5.0;
				TARGETED_DEVICE_FAMILY = "1,2";
				TEST_HOST = "$(BUILT_PRODUCTS_DIR)/DoughToBread.app/$(BUNDLE_EXECUTABLE_FOLDER_PATH)/DoughToBread";
			};
			name = Release;
		};
		D10F13242C950535009B3C67 /* Debug */ = {
			isa = XCBuildConfiguration;
			buildSettings = {
				ALWAYS_EMBED_SWIFT_STANDARD_LIBRARIES = YES;
				CODE_SIGN_STYLE = Automatic;
				CURRENT_PROJECT_VERSION = 1;
				GENERATE_INFOPLIST_FILE = YES;
				MARKETING_VERSION = 1.0;
				PRODUCT_BUNDLE_IDENTIFIER = edu.usc.DoughToBreadUITests;
				PRODUCT_NAME = "$(TARGET_NAME)";
				SWIFT_EMIT_LOC_STRINGS = NO;
				SWIFT_VERSION = 5.0;
				TARGETED_DEVICE_FAMILY = "1,2";
				TEST_TARGET_NAME = DoughToBread;
			};
			name = Debug;
		};
		D10F13252C950535009B3C67 /* Release */ = {
			isa = XCBuildConfiguration;
			buildSettings = {
				ALWAYS_EMBED_SWIFT_STANDARD_LIBRARIES = YES;
				CODE_SIGN_STYLE = Automatic;
				CURRENT_PROJECT_VERSION = 1;
				GENERATE_INFOPLIST_FILE = YES;
				MARKETING_VERSION = 1.0;
				PRODUCT_BUNDLE_IDENTIFIER = edu.usc.DoughToBreadUITests;
				PRODUCT_NAME = "$(TARGET_NAME)";
				SWIFT_EMIT_LOC_STRINGS = NO;
				SWIFT_VERSION = 5.0;
				TARGETED_DEVICE_FAMILY = "1,2";
				TEST_TARGET_NAME = DoughToBread;
			};
			name = Release;
		};
/* End XCBuildConfiguration section */

/* Begin XCConfigurationList section */
		D10F12F42C950532009B3C67 /* Build configuration list for PBXProject "DoughToBread" */ = {
			isa = XCConfigurationList;
			buildConfigurations = (
				D10F131B2C950535009B3C67 /* Debug */,
				D10F131C2C950535009B3C67 /* Release */,
			);
			defaultConfigurationIsVisible = 0;
			defaultConfigurationName = Release;
		};
		D10F131D2C950535009B3C67 /* Build configuration list for PBXNativeTarget "DoughToBread" */ = {
			isa = XCConfigurationList;
			buildConfigurations = (
				D10F131E2C950535009B3C67 /* Debug */,
				D10F131F2C950535009B3C67 /* Release */,
			);
			defaultConfigurationIsVisible = 0;
			defaultConfigurationName = Release;
		};
		D10F13202C950535009B3C67 /* Build configuration list for PBXNativeTarget "DoughToBreadTests" */ = {
			isa = XCConfigurationList;
			buildConfigurations = (
				D10F13212C950535009B3C67 /* Debug */,
				D10F13222C950535009B3C67 /* Release */,
			);
			defaultConfigurationIsVisible = 0;
			defaultConfigurationName = Release;
		};
		D10F13232C950535009B3C67 /* Build configuration list for PBXNativeTarget "DoughToBreadUITests" */ = {
			isa = XCConfigurationList;
			buildConfigurations = (
				D10F13242C950535009B3C67 /* Debug */,
				D10F13252C950535009B3C67 /* Release */,
			);
			defaultConfigurationIsVisible = 0;
			defaultConfigurationName = Release;
		};
/* End XCConfigurationList section */
	};
	rootObject = D10F12F12C950532009B3C67 /* Project object */;
}
