// !$*UTF8*$!
{
	archiveVersion = 1;
	classes = {
	};
	objectVersion = 56;
	objects = {

/* Begin PBXBuildFile section */
		0E4592912CAF375B0005145E /* MainAppView.swift in Sources */ = {isa = PBXBuildFile; fileRef = 0E4592902CAF37570005145E /* MainAppView.swift */; };
		0E4592952CAF43280005145E /* UserProfileView.swift in Sources */ = {isa = PBXBuildFile; fileRef = 0E4592942CAF43200005145E /* UserProfileView.swift */; };
		3B3367162CD768F40014E515 /* DailyBread.swift in Sources */ = {isa = PBXBuildFile; fileRef = 3B3367152CD768F40014E515 /* DailyBread.swift */; };
		3B3367182CD76A420014E515 /* DailyBreadViewModel.swift in Sources */ = {isa = PBXBuildFile; fileRef = 3B3367172CD76A420014E515 /* DailyBreadViewModel.swift */; };
		3B33671A2CD76CBA0014E515 /* DailyBreadView.swift in Sources */ = {isa = PBXBuildFile; fileRef = 3B3367192CD76CBA0014E515 /* DailyBreadView.swift */; };
		3B33671C2CD76F1B0014E515 /* scriptures.json in Resources */ = {isa = PBXBuildFile; fileRef = 3B33671B2CD76F1B0014E515 /* scriptures.json */; };
		411C4F882CC4720D00E33086 /* Module.swift in Sources */ = {isa = PBXBuildFile; fileRef = 411C4F872CC4720D00E33086 /* Module.swift */; };
		4160BBBB2CB3780500DEA07F /* LoginView.swift in Sources */ = {isa = PBXBuildFile; fileRef = 4160BBBA2CB3780500DEA07F /* LoginView.swift */; };
		4160BBBD2CB37A5600DEA07F /* LoginViewModel.swift in Sources */ = {isa = PBXBuildFile; fileRef = 4160BBBC2CB37A5600DEA07F /* LoginViewModel.swift */; };
		4160BBBF2CB37AD700DEA07F /* SignupView.swift in Sources */ = {isa = PBXBuildFile; fileRef = 4160BBBE2CB37AD700DEA07F /* SignupView.swift */; };
		720EF0C72CEAADA000B1E702 /* CalculatorViewModel.swift in Sources */ = {isa = PBXBuildFile; fileRef = 720EF0C62CEAADA000B1E702 /* CalculatorViewModel.swift */; };
		722ADAFE2CD1AD93002F05E8 /* Badge 2.swift in Sources */ = {isa = PBXBuildFile; fileRef = 722ADAFD2CD1AD93002F05E8 /* Badge 2.swift */; };
		A9EB8B542CD80F2E0037AD0A /* CalculatorView.swift in Sources */ = {isa = PBXBuildFile; fileRef = A9EB8B532CD80F230037AD0A /* CalculatorView.swift */; };
		D10F12FD2C950532009B3C67 /* DoughToBreadApp.swift in Sources */ = {isa = PBXBuildFile; fileRef = D10F12FC2C950532009B3C67 /* DoughToBreadApp.swift */; };
		D10F12FF2C950532009B3C67 /* ContentView.swift in Sources */ = {isa = PBXBuildFile; fileRef = D10F12FE2C950532009B3C67 /* ContentView.swift */; };
		D10F13012C950535009B3C67 /* Assets.xcassets in Resources */ = {isa = PBXBuildFile; fileRef = D10F13002C950535009B3C67 /* Assets.xcassets */; };
		D10F13042C950535009B3C67 /* Preview Assets.xcassets in Resources */ = {isa = PBXBuildFile; fileRef = D10F13032C950535009B3C67 /* Preview Assets.xcassets */; };
		D10F130E2C950535009B3C67 /* DoughToBreadTests.swift in Sources */ = {isa = PBXBuildFile; fileRef = D10F130D2C950535009B3C67 /* DoughToBreadTests.swift */; };
		D10F13182C950535009B3C67 /* DoughToBreadUITests.swift in Sources */ = {isa = PBXBuildFile; fileRef = D10F13172C950535009B3C67 /* DoughToBreadUITests.swift */; };
		D10F131A2C950535009B3C67 /* DoughToBreadUITestsLaunchTests.swift in Sources */ = {isa = PBXBuildFile; fileRef = D10F13192C950535009B3C67 /* DoughToBreadUITestsLaunchTests.swift */; };
		D127A9D92C98337A00C402C0 /* FirebaseAuth in Frameworks */ = {isa = PBXBuildFile; productRef = D127A9D82C98337A00C402C0 /* FirebaseAuth */; };
		D127A9DB2C98337A00C402C0 /* FirebaseFirestore in Frameworks */ = {isa = PBXBuildFile; productRef = D127A9DA2C98337A00C402C0 /* FirebaseFirestore */; };
		D127A9DE2C98338600C402C0 /* GoogleSignIn in Frameworks */ = {isa = PBXBuildFile; productRef = D127A9DD2C98338600C402C0 /* GoogleSignIn */; };
		D127A9E02C98338600C402C0 /* GoogleSignInSwift in Frameworks */ = {isa = PBXBuildFile; productRef = D127A9DF2C98338600C402C0 /* GoogleSignInSwift */; };
		D127A9E72C98351800C402C0 /* Authentication.swift in Sources */ = {isa = PBXBuildFile; fileRef = D127A9E62C98351800C402C0 /* Authentication.swift */; };
		D127A9E92C9836BD00C402C0 /* GoogleService-Info.plist in Resources */ = {isa = PBXBuildFile; fileRef = D127A9E82C9836BD00C402C0 /* GoogleService-Info.plist */; };
		D127AA082C983E3000C402C0 /* ExampleModel.swift in Sources */ = {isa = PBXBuildFile; fileRef = D127AA072C983E2F00C402C0 /* ExampleModel.swift */; };
		D127AA0A2C983E3C00C402C0 /* ExampleViewModel.swift in Sources */ = {isa = PBXBuildFile; fileRef = D127AA092C983E3C00C402C0 /* ExampleViewModel.swift */; };
		D15D68EC2CC4791200E57708 /* QuizQuestion.swift in Sources */ = {isa = PBXBuildFile; fileRef = D15D68EB2CC4791200E57708 /* QuizQuestion.swift */; };
		D15D68F02CC4794100E57708 /* QuizViewModel.swift in Sources */ = {isa = PBXBuildFile; fileRef = D15D68EF2CC4794100E57708 /* QuizViewModel.swift */; };
		D15D68F22CC4796900E57708 /* QuizView.swift in Sources */ = {isa = PBXBuildFile; fileRef = D15D68F12CC4796900E57708 /* QuizView.swift */; };
		D169F3262CB1FA5A0043D63E /* Question.swift in Sources */ = {isa = PBXBuildFile; fileRef = D169F3252CB1FA5A0043D63E /* Question.swift */; };
		D169F3282CB1FACC0043D63E /* PollViewModel.swift in Sources */ = {isa = PBXBuildFile; fileRef = D169F3272CB1FACC0043D63E /* PollViewModel.swift */; };
		D169F32A2CB1FAE00043D63E /* PollView.swift in Sources */ = {isa = PBXBuildFile; fileRef = D169F3292CB1FAE00043D63E /* PollView.swift */; };
/* End PBXBuildFile section */

/* Begin PBXContainerItemProxy section */
		D10F130A2C950535009B3C67 /* PBXContainerItemProxy */ = {
			isa = PBXContainerItemProxy;
			containerPortal = D10F12F12C950532009B3C67 /* Project object */;
			proxyType = 1;
			remoteGlobalIDString = D10F12F82C950532009B3C67;
			remoteInfo = DoughToBread;
		};
		D10F13142C950535009B3C67 /* PBXContainerItemProxy */ = {
			isa = PBXContainerItemProxy;
			containerPortal = D10F12F12C950532009B3C67 /* Project object */;
			proxyType = 1;
			remoteGlobalIDString = D10F12F82C950532009B3C67;
			remoteInfo = DoughToBread;
		};
/* End PBXContainerItemProxy section */

/* Begin PBXFileReference section */
		0E4592902CAF37570005145E /* MainAppView.swift */ = {isa = PBXFileReference; lastKnownFileType = sourcecode.swift; path = MainAppView.swift; sourceTree = "<group>"; };
		0E4592942CAF43200005145E /* UserProfileView.swift */ = {isa = PBXFileReference; lastKnownFileType = sourcecode.swift; path = UserProfileView.swift; sourceTree = "<group>"; };
		3B3367152CD768F40014E515 /* DailyBread.swift */ = {isa = PBXFileReference; lastKnownFileType = sourcecode.swift; path = DailyBread.swift; sourceTree = "<group>"; };
		3B3367172CD76A420014E515 /* DailyBreadViewModel.swift */ = {isa = PBXFileReference; lastKnownFileType = sourcecode.swift; path = DailyBreadViewModel.swift; sourceTree = "<group>"; };
		3B3367192CD76CBA0014E515 /* DailyBreadView.swift */ = {isa = PBXFileReference; lastKnownFileType = sourcecode.swift; path = DailyBreadView.swift; sourceTree = "<group>"; };
		3B33671B2CD76F1B0014E515 /* scriptures.json */ = {isa = PBXFileReference; lastKnownFileType = text.json; path = scriptures.json; sourceTree = "<group>"; };
		411C4F872CC4720D00E33086 /* Module.swift */ = {isa = PBXFileReference; lastKnownFileType = sourcecode.swift; path = Module.swift; sourceTree = "<group>"; };
		4160BBBA2CB3780500DEA07F /* LoginView.swift */ = {isa = PBXFileReference; lastKnownFileType = sourcecode.swift; path = LoginView.swift; sourceTree = "<group>"; };
		4160BBBC2CB37A5600DEA07F /* LoginViewModel.swift */ = {isa = PBXFileReference; lastKnownFileType = sourcecode.swift; path = LoginViewModel.swift; sourceTree = "<group>"; };
		4160BBBE2CB37AD700DEA07F /* SignupView.swift */ = {isa = PBXFileReference; lastKnownFileType = sourcecode.swift; path = SignupView.swift; sourceTree = "<group>"; };
		720EF0C62CEAADA000B1E702 /* CalculatorViewModel.swift */ = {isa = PBXFileReference; lastKnownFileType = sourcecode.swift; path = CalculatorViewModel.swift; sourceTree = "<group>"; };
		722ADAFD2CD1AD93002F05E8 /* Badge 2.swift */ = {isa = PBXFileReference; lastKnownFileType = sourcecode.swift; path = "Badge 2.swift"; sourceTree = "<group>"; };
		A9EB8B532CD80F230037AD0A /* CalculatorView.swift */ = {isa = PBXFileReference; lastKnownFileType = sourcecode.swift; path = CalculatorView.swift; sourceTree = "<group>"; };
		D10F12F92C950532009B3C67 /* DoughToBread.app */ = {isa = PBXFileReference; explicitFileType = wrapper.application; includeInIndex = 0; path = DoughToBread.app; sourceTree = BUILT_PRODUCTS_DIR; };
		D10F12FC2C950532009B3C67 /* DoughToBreadApp.swift */ = {isa = PBXFileReference; lastKnownFileType = sourcecode.swift; path = DoughToBreadApp.swift; sourceTree = "<group>"; };
		D10F12FE2C950532009B3C67 /* ContentView.swift */ = {isa = PBXFileReference; lastKnownFileType = sourcecode.swift; path = ContentView.swift; sourceTree = "<group>"; };
		D10F13002C950535009B3C67 /* Assets.xcassets */ = {isa = PBXFileReference; lastKnownFileType = folder.assetcatalog; path = Assets.xcassets; sourceTree = "<group>"; };
		D10F13032C950535009B3C67 /* Preview Assets.xcassets */ = {isa = PBXFileReference; lastKnownFileType = folder.assetcatalog; path = "Preview Assets.xcassets"; sourceTree = "<group>"; };
		D10F13092C950535009B3C67 /* DoughToBreadTests.xctest */ = {isa = PBXFileReference; explicitFileType = wrapper.cfbundle; includeInIndex = 0; path = DoughToBreadTests.xctest; sourceTree = BUILT_PRODUCTS_DIR; };
		D10F130D2C950535009B3C67 /* DoughToBreadTests.swift */ = {isa = PBXFileReference; lastKnownFileType = sourcecode.swift; path = DoughToBreadTests.swift; sourceTree = "<group>"; };
		D10F13132C950535009B3C67 /* DoughToBreadUITests.xctest */ = {isa = PBXFileReference; explicitFileType = wrapper.cfbundle; includeInIndex = 0; path = DoughToBreadUITests.xctest; sourceTree = BUILT_PRODUCTS_DIR; };
		D10F13172C950535009B3C67 /* DoughToBreadUITests.swift */ = {isa = PBXFileReference; lastKnownFileType = sourcecode.swift; path = DoughToBreadUITests.swift; sourceTree = "<group>"; };
		D10F13192C950535009B3C67 /* DoughToBreadUITestsLaunchTests.swift */ = {isa = PBXFileReference; lastKnownFileType = sourcecode.swift; path = DoughToBreadUITestsLaunchTests.swift; sourceTree = "<group>"; };
		D127A9E12C98339A00C402C0 /* Info.plist */ = {isa = PBXFileReference; lastKnownFileType = text.plist; path = Info.plist; sourceTree = "<group>"; };
		D127A9E62C98351800C402C0 /* Authentication.swift */ = {isa = PBXFileReference; lastKnownFileType = sourcecode.swift; path = Authentication.swift; sourceTree = "<group>"; };
		D127A9E82C9836BD00C402C0 /* GoogleService-Info.plist */ = {isa = PBXFileReference; fileEncoding = 4; lastKnownFileType = text.plist.xml; path = "GoogleService-Info.plist"; sourceTree = "<group>"; };
		D127AA072C983E2F00C402C0 /* ExampleModel.swift */ = {isa = PBXFileReference; lastKnownFileType = sourcecode.swift; path = ExampleModel.swift; sourceTree = "<group>"; };
		D127AA092C983E3C00C402C0 /* ExampleViewModel.swift */ = {isa = PBXFileReference; lastKnownFileType = sourcecode.swift; path = ExampleViewModel.swift; sourceTree = "<group>"; };
		D15D68EB2CC4791200E57708 /* QuizQuestion.swift */ = {isa = PBXFileReference; lastKnownFileType = sourcecode.swift; path = QuizQuestion.swift; sourceTree = "<group>"; };
		D15D68EF2CC4794100E57708 /* QuizViewModel.swift */ = {isa = PBXFileReference; lastKnownFileType = sourcecode.swift; path = QuizViewModel.swift; sourceTree = "<group>"; };
		D15D68F12CC4796900E57708 /* QuizView.swift */ = {isa = PBXFileReference; lastKnownFileType = sourcecode.swift; path = QuizView.swift; sourceTree = "<group>"; };
		D169F3252CB1FA5A0043D63E /* Question.swift */ = {isa = PBXFileReference; lastKnownFileType = sourcecode.swift; path = Question.swift; sourceTree = "<group>"; };
		D169F3272CB1FACC0043D63E /* PollViewModel.swift */ = {isa = PBXFileReference; lastKnownFileType = sourcecode.swift; path = PollViewModel.swift; sourceTree = "<group>"; };
		D169F3292CB1FAE00043D63E /* PollView.swift */ = {isa = PBXFileReference; lastKnownFileType = sourcecode.swift; path = PollView.swift; sourceTree = "<group>"; };
/* End PBXFileReference section */

/* Begin PBXFrameworksBuildPhase section */
		D10F12F62C950532009B3C67 /* Frameworks */ = {
			isa = PBXFrameworksBuildPhase;
			buildActionMask = 2147483647;
			files = (
				D127A9D92C98337A00C402C0 /* FirebaseAuth in Frameworks */,
				D127A9DB2C98337A00C402C0 /* FirebaseFirestore in Frameworks */,
				D127A9DE2C98338600C402C0 /* GoogleSignIn in Frameworks */,
				D127A9E02C98338600C402C0 /* GoogleSignInSwift in Frameworks */,
			);
			runOnlyForDeploymentPostprocessing = 0;
		};
		D10F13062C950535009B3C67 /* Frameworks */ = {
			isa = PBXFrameworksBuildPhase;
			buildActionMask = 2147483647;
			files = (
			);
			runOnlyForDeploymentPostprocessing = 0;
		};
		D10F13102C950535009B3C67 /* Frameworks */ = {
			isa = PBXFrameworksBuildPhase;
			buildActionMask = 2147483647;
			files = (
			);
			runOnlyForDeploymentPostprocessing = 0;
		};
/* End PBXFrameworksBuildPhase section */

/* Begin PBXGroup section */
		41D78DC62CC484B300DA3BB0 /* FirebaseAdminScripts */ = {
			isa = PBXGroup;
			children = (
			);
			path = FirebaseAdminScripts;
			sourceTree = "<group>";
		};
		D10F12F02C950532009B3C67 = {
			isa = PBXGroup;
			children = (
				41D78DC62CC484B300DA3BB0 /* FirebaseAdminScripts */,
				D10F12FB2C950532009B3C67 /* DoughToBread */,
				D10F130C2C950535009B3C67 /* DoughToBreadTests */,
				D10F13162C950535009B3C67 /* DoughToBreadUITests */,
				D10F12FA2C950532009B3C67 /* Products */,
			);
			sourceTree = "<group>";
		};
		D10F12FA2C950532009B3C67 /* Products */ = {
			isa = PBXGroup;
			children = (
				D10F12F92C950532009B3C67 /* DoughToBread.app */,
				D10F13092C950535009B3C67 /* DoughToBreadTests.xctest */,
				D10F13132C950535009B3C67 /* DoughToBreadUITests.xctest */,
			);
			name = Products;
			sourceTree = "<group>";
		};
		D10F12FB2C950532009B3C67 /* DoughToBread */ = {
			isa = PBXGroup;
			children = (
				D127A9E82C9836BD00C402C0 /* GoogleService-Info.plist */,
				D127A9E12C98339A00C402C0 /* Info.plist */,
				D127AA062C983DF800C402C0 /* Model */,
				D127AA052C983DE200C402C0 /* ViewModel */,
				D127A9D42C98333F00C402C0 /* View */,
				D10F12FC2C950532009B3C67 /* DoughToBreadApp.swift */,
				D10F12FE2C950532009B3C67 /* ContentView.swift */,
				D127A9E62C98351800C402C0 /* Authentication.swift */,
				D10F13002C950535009B3C67 /* Assets.xcassets */,
				D10F13022C950535009B3C67 /* Preview Content */,
			);
			path = DoughToBread;
			sourceTree = "<group>";
		};
		D10F13022C950535009B3C67 /* Preview Content */ = {
			isa = PBXGroup;
			children = (
				D10F13032C950535009B3C67 /* Preview Assets.xcassets */,
			);
			path = "Preview Content";
			sourceTree = "<group>";
		};
		D10F130C2C950535009B3C67 /* DoughToBreadTests */ = {
			isa = PBXGroup;
			children = (
				D10F130D2C950535009B3C67 /* DoughToBreadTests.swift */,
			);
			path = DoughToBreadTests;
			sourceTree = "<group>";
		};
		D10F13162C950535009B3C67 /* DoughToBreadUITests */ = {
			isa = PBXGroup;
			children = (
				D10F13172C950535009B3C67 /* DoughToBreadUITests.swift */,
				D10F13192C950535009B3C67 /* DoughToBreadUITestsLaunchTests.swift */,
			);
			path = DoughToBreadUITests;
			sourceTree = "<group>";
		};
		D127A9D42C98333F00C402C0 /* View */ = {
			isa = PBXGroup;
			children = (
				A9EB8B532CD80F230037AD0A /* CalculatorView.swift */,
				0E4592942CAF43200005145E /* UserProfileView.swift */,
				0E4592902CAF37570005145E /* MainAppView.swift */,
				D169F3292CB1FAE00043D63E /* PollView.swift */,
				4160BBBA2CB3780500DEA07F /* LoginView.swift */,
				4160BBBE2CB37AD700DEA07F /* SignupView.swift */,
				D15D68F12CC4796900E57708 /* QuizView.swift */,
				3B3367192CD76CBA0014E515 /* DailyBreadView.swift */,
			);
			path = View;
			sourceTree = "<group>";
		};
		D127AA052C983DE200C402C0 /* ViewModel */ = {
			isa = PBXGroup;
			children = (
				720EF0C62CEAADA000B1E702 /* CalculatorViewModel.swift */,
				D127AA092C983E3C00C402C0 /* ExampleViewModel.swift */,
				D169F3272CB1FACC0043D63E /* PollViewModel.swift */,
				4160BBBC2CB37A5600DEA07F /* LoginViewModel.swift */,
				D15D68EF2CC4794100E57708 /* QuizViewModel.swift */,
				3B3367172CD76A420014E515 /* DailyBreadViewModel.swift */,
				3B33671B2CD76F1B0014E515 /* scriptures.json */,
			);
			path = ViewModel;
			sourceTree = "<group>";
		};
		D127AA062C983DF800C402C0 /* Model */ = {
			isa = PBXGroup;
			children = (
				D127AA072C983E2F00C402C0 /* ExampleModel.swift */,
				D169F3252CB1FA5A0043D63E /* Question.swift */,
				411C4F872CC4720D00E33086 /* Module.swift */,
				D15D68EB2CC4791200E57708 /* QuizQuestion.swift */,
				722ADAFD2CD1AD93002F05E8 /* Badge 2.swift */,
				3B3367152CD768F40014E515 /* DailyBread.swift */,
			);
			path = Model;
			sourceTree = "<group>";
		};
/* End PBXGroup section */

/* Begin PBXNativeTarget section */
		D10F12F82C950532009B3C67 /* DoughToBread */ = {
			isa = PBXNativeTarget;
			buildConfigurationList = D10F131D2C950535009B3C67 /* Build configuration list for PBXNativeTarget "DoughToBread" */;
			buildPhases = (
				D10F12F52C950532009B3C67 /* Sources */,
				D10F12F62C950532009B3C67 /* Frameworks */,
				D10F12F72C950532009B3C67 /* Resources */,
			);
			buildRules = (
			);
			dependencies = (
			);
			name = DoughToBread;
			packageProductDependencies = (
				D127A9D82C98337A00C402C0 /* FirebaseAuth */,
				D127A9DA2C98337A00C402C0 /* FirebaseFirestore */,
				D127A9DD2C98338600C402C0 /* GoogleSignIn */,
				D127A9DF2C98338600C402C0 /* GoogleSignInSwift */,
			);
			productName = DoughToBread;
			productReference = D10F12F92C950532009B3C67 /* DoughToBread.app */;
			productType = "com.apple.product-type.application";
		};
		D10F13082C950535009B3C67 /* DoughToBreadTests */ = {
			isa = PBXNativeTarget;
			buildConfigurationList = D10F13202C950535009B3C67 /* Build configuration list for PBXNativeTarget "DoughToBreadTests" */;
			buildPhases = (
				D10F13052C950535009B3C67 /* Sources */,
				D10F13062C950535009B3C67 /* Frameworks */,
				D10F13072C950535009B3C67 /* Resources */,
			);
			buildRules = (
			);
			dependencies = (
				D10F130B2C950535009B3C67 /* PBXTargetDependency */,
			);
			name = DoughToBreadTests;
			productName = DoughToBreadTests;
			productReference = D10F13092C950535009B3C67 /* DoughToBreadTests.xctest */;
			productType = "com.apple.product-type.bundle.unit-test";
		};
		D10F13122C950535009B3C67 /* DoughToBreadUITests */ = {
			isa = PBXNativeTarget;
			buildConfigurationList = D10F13232C950535009B3C67 /* Build configuration list for PBXNativeTarget "DoughToBreadUITests" */;
			buildPhases = (
				D10F130F2C950535009B3C67 /* Sources */,
				D10F13102C950535009B3C67 /* Frameworks */,
				D10F13112C950535009B3C67 /* Resources */,
			);
			buildRules = (
			);
			dependencies = (
				D10F13152C950535009B3C67 /* PBXTargetDependency */,
			);
			name = DoughToBreadUITests;
			productName = DoughToBreadUITests;
			productReference = D10F13132C950535009B3C67 /* DoughToBreadUITests.xctest */;
			productType = "com.apple.product-type.bundle.ui-testing";
		};
/* End PBXNativeTarget section */

/* Begin PBXProject section */
		D10F12F12C950532009B3C67 /* Project object */ = {
			isa = PBXProject;
			attributes = {
				BuildIndependentTargetsInParallel = 1;
				LastSwiftUpdateCheck = 1540;
				LastUpgradeCheck = 1540;
				TargetAttributes = {
					D10F12F82C950532009B3C67 = {
						CreatedOnToolsVersion = 15.4;
					};
					D10F13082C950535009B3C67 = {
						CreatedOnToolsVersion = 15.4;
						TestTargetID = D10F12F82C950532009B3C67;
					};
					D10F13122C950535009B3C67 = {
						CreatedOnToolsVersion = 15.4;
						TestTargetID = D10F12F82C950532009B3C67;
					};
				};
			};
			buildConfigurationList = D10F12F42C950532009B3C67 /* Build configuration list for PBXProject "DoughToBread" */;
			compatibilityVersion = "Xcode 14.0";
			developmentRegion = en;
			hasScannedForEncodings = 0;
			knownRegions = (
				en,
				Base,
			);
			mainGroup = D10F12F02C950532009B3C67;
			packageReferences = (
				D127A9D72C98337A00C402C0 /* XCRemoteSwiftPackageReference "firebase-ios-sdk" */,
				D127A9DC2C98338600C402C0 /* XCRemoteSwiftPackageReference "GoogleSignIn-iOS" */,
			);
			productRefGroup = D10F12FA2C950532009B3C67 /* Products */;
			projectDirPath = "";
			projectRoot = "";
			targets = (
				D10F12F82C950532009B3C67 /* DoughToBread */,
				D10F13082C950535009B3C67 /* DoughToBreadTests */,
				D10F13122C950535009B3C67 /* DoughToBreadUITests */,
			);
		};
/* End PBXProject section */

/* Begin PBXResourcesBuildPhase section */
		D10F12F72C950532009B3C67 /* Resources */ = {
			isa = PBXResourcesBuildPhase;
			buildActionMask = 2147483647;
			files = (
				D10F13042C950535009B3C67 /* Preview Assets.xcassets in Resources */,
				D10F13012C950535009B3C67 /* Assets.xcassets in Resources */,
				D127A9E92C9836BD00C402C0 /* GoogleService-Info.plist in Resources */,
				3B33671C2CD76F1B0014E515 /* scriptures.json in Resources */,
			);
			runOnlyForDeploymentPostprocessing = 0;
		};
		D10F13072C950535009B3C67 /* Resources */ = {
			isa = PBXResourcesBuildPhase;
			buildActionMask = 2147483647;
			files = (
			);
			runOnlyForDeploymentPostprocessing = 0;
		};
		D10F13112C950535009B3C67 /* Resources */ = {
			isa = PBXResourcesBuildPhase;
			buildActionMask = 2147483647;
			files = (
			);
			runOnlyForDeploymentPostprocessing = 0;
		};
/* End PBXResourcesBuildPhase section */

/* Begin PBXSourcesBuildPhase section */
		D10F12F52C950532009B3C67 /* Sources */ = {
			isa = PBXSourcesBuildPhase;
			buildActionMask = 2147483647;
			files = (
				3B33671A2CD76CBA0014E515 /* DailyBreadView.swift in Sources */,
				D10F12FF2C950532009B3C67 /* ContentView.swift in Sources */,
				D127AA082C983E3000C402C0 /* ExampleModel.swift in Sources */,
				A9EB8B542CD80F2E0037AD0A /* CalculatorView.swift in Sources */,
				D15D68EC2CC4791200E57708 /* QuizQuestion.swift in Sources */,
				D15D68F02CC4794100E57708 /* QuizViewModel.swift in Sources */,
				D10F12FD2C950532009B3C67 /* DoughToBreadApp.swift in Sources */,
				0E4592912CAF375B0005145E /* MainAppView.swift in Sources */,
				D169F3282CB1FACC0043D63E /* PollViewModel.swift in Sources */,
				722ADAFE2CD1AD93002F05E8 /* Badge 2.swift in Sources */,
				4160BBBB2CB3780500DEA07F /* LoginView.swift in Sources */,
				3B3367182CD76A420014E515 /* DailyBreadViewModel.swift in Sources */,
				D169F32A2CB1FAE00043D63E /* PollView.swift in Sources */,
				4160BBBD2CB37A5600DEA07F /* LoginViewModel.swift in Sources */,
				0E4592952CAF43280005145E /* UserProfileView.swift in Sources */,
				D127A9E72C98351800C402C0 /* Authentication.swift in Sources */,
				D127AA0A2C983E3C00C402C0 /* ExampleViewModel.swift in Sources */,
				411C4F882CC4720D00E33086 /* Module.swift in Sources */,
				3B3367162CD768F40014E515 /* DailyBread.swift in Sources */,
				D15D68F22CC4796900E57708 /* QuizView.swift in Sources */,
				4160BBBF2CB37AD700DEA07F /* SignupView.swift in Sources */,
				720EF0C72CEAADA000B1E702 /* CalculatorViewModel.swift in Sources */,
				D169F3262CB1FA5A0043D63E /* Question.swift in Sources */,
			);
			runOnlyForDeploymentPostprocessing = 0;
		};
		D10F13052C950535009B3C67 /* Sources */ = {
			isa = PBXSourcesBuildPhase;
			buildActionMask = 2147483647;
			files = (
				D10F130E2C950535009B3C67 /* DoughToBreadTests.swift in Sources */,
			);
			runOnlyForDeploymentPostprocessing = 0;
		};
		D10F130F2C950535009B3C67 /* Sources */ = {
			isa = PBXSourcesBuildPhase;
			buildActionMask = 2147483647;
			files = (
				D10F131A2C950535009B3C67 /* DoughToBreadUITestsLaunchTests.swift in Sources */,
				D10F13182C950535009B3C67 /* DoughToBreadUITests.swift in Sources */,
			);
			runOnlyForDeploymentPostprocessing = 0;
		};
/* End PBXSourcesBuildPhase section */

/* Begin PBXTargetDependency section */
		D10F130B2C950535009B3C67 /* PBXTargetDependency */ = {
			isa = PBXTargetDependency;
			target = D10F12F82C950532009B3C67 /* DoughToBread */;
			targetProxy = D10F130A2C950535009B3C67 /* PBXContainerItemProxy */;
		};
		D10F13152C950535009B3C67 /* PBXTargetDependency */ = {
			isa = PBXTargetDependency;
			target = D10F12F82C950532009B3C67 /* DoughToBread */;
			targetProxy = D10F13142C950535009B3C67 /* PBXContainerItemProxy */;
		};
/* End PBXTargetDependency section */

/* Begin XCBuildConfiguration section */
		D10F131B2C950535009B3C67 /* Debug */ = {
			isa = XCBuildConfiguration;
			buildSettings = {
				ALWAYS_SEARCH_USER_PATHS = NO;
				ASSETCATALOG_COMPILER_GENERATE_SWIFT_ASSET_SYMBOL_EXTENSIONS = YES;
				CLANG_ANALYZER_NONNULL = YES;
				CLANG_ANALYZER_NUMBER_OBJECT_CONVERSION = YES_AGGRESSIVE;
				CLANG_CXX_LANGUAGE_STANDARD = "gnu++20";
				CLANG_ENABLE_MODULES = YES;
				CLANG_ENABLE_OBJC_ARC = YES;
				CLANG_ENABLE_OBJC_WEAK = YES;
				CLANG_WARN_BLOCK_CAPTURE_AUTORELEASING = YES;
				CLANG_WARN_BOOL_CONVERSION = YES;
				CLANG_WARN_COMMA = YES;
				CLANG_WARN_CONSTANT_CONVERSION = YES;
				CLANG_WARN_DEPRECATED_OBJC_IMPLEMENTATIONS = YES;
				CLANG_WARN_DIRECT_OBJC_ISA_USAGE = YES_ERROR;
				CLANG_WARN_DOCUMENTATION_COMMENTS = YES;
				CLANG_WARN_EMPTY_BODY = YES;
				CLANG_WARN_ENUM_CONVERSION = YES;
				CLANG_WARN_INFINITE_RECURSION = YES;
				CLANG_WARN_INT_CONVERSION = YES;
				CLANG_WARN_NON_LITERAL_NULL_CONVERSION = YES;
				CLANG_WARN_OBJC_IMPLICIT_RETAIN_SELF = YES;
				CLANG_WARN_OBJC_LITERAL_CONVERSION = YES;
				CLANG_WARN_OBJC_ROOT_CLASS = YES_ERROR;
				CLANG_WARN_QUOTED_INCLUDE_IN_FRAMEWORK_HEADER = YES;
				CLANG_WARN_RANGE_LOOP_ANALYSIS = YES;
				CLANG_WARN_STRICT_PROTOTYPES = YES;
				CLANG_WARN_SUSPICIOUS_MOVE = YES;
				CLANG_WARN_UNGUARDED_AVAILABILITY = YES_AGGRESSIVE;
				CLANG_WARN_UNREACHABLE_CODE = YES;
				CLANG_WARN__DUPLICATE_METHOD_MATCH = YES;
				COPY_PHASE_STRIP = NO;
				DEBUG_INFORMATION_FORMAT = dwarf;
				ENABLE_STRICT_OBJC_MSGSEND = YES;
				ENABLE_TESTABILITY = YES;
				ENABLE_USER_SCRIPT_SANDBOXING = YES;
				GCC_C_LANGUAGE_STANDARD = gnu17;
				GCC_DYNAMIC_NO_PIC = NO;
				GCC_NO_COMMON_BLOCKS = YES;
				GCC_OPTIMIZATION_LEVEL = 0;
				GCC_PREPROCESSOR_DEFINITIONS = (
					"DEBUG=1",
					"$(inherited)",
				);
				GCC_WARN_64_TO_32_BIT_CONVERSION = YES;
				GCC_WARN_ABOUT_RETURN_TYPE = YES_ERROR;
				GCC_WARN_UNDECLARED_SELECTOR = YES;
				GCC_WARN_UNINITIALIZED_AUTOS = YES_AGGRESSIVE;
				GCC_WARN_UNUSED_FUNCTION = YES;
				GCC_WARN_UNUSED_VARIABLE = YES;
				IPHONEOS_DEPLOYMENT_TARGET = 17.5;
				LOCALIZATION_PREFERS_STRING_CATALOGS = YES;
				MTL_ENABLE_DEBUG_INFO = INCLUDE_SOURCE;
				MTL_FAST_MATH = YES;
				ONLY_ACTIVE_ARCH = YES;
				SDKROOT = iphoneos;
				SWIFT_ACTIVE_COMPILATION_CONDITIONS = "DEBUG $(inherited)";
				SWIFT_OPTIMIZATION_LEVEL = "-Onone";
			};
			name = Debug;
		};
		D10F131C2C950535009B3C67 /* Release */ = {
			isa = XCBuildConfiguration;
			buildSettings = {
				ALWAYS_SEARCH_USER_PATHS = NO;
				ASSETCATALOG_COMPILER_GENERATE_SWIFT_ASSET_SYMBOL_EXTENSIONS = YES;
				CLANG_ANALYZER_NONNULL = YES;
				CLANG_ANALYZER_NUMBER_OBJECT_CONVERSION = YES_AGGRESSIVE;
				CLANG_CXX_LANGUAGE_STANDARD = "gnu++20";
				CLANG_ENABLE_MODULES = YES;
				CLANG_ENABLE_OBJC_ARC = YES;
				CLANG_ENABLE_OBJC_WEAK = YES;
				CLANG_WARN_BLOCK_CAPTURE_AUTORELEASING = YES;
				CLANG_WARN_BOOL_CONVERSION = YES;
				CLANG_WARN_COMMA = YES;
				CLANG_WARN_CONSTANT_CONVERSION = YES;
				CLANG_WARN_DEPRECATED_OBJC_IMPLEMENTATIONS = YES;
				CLANG_WARN_DIRECT_OBJC_ISA_USAGE = YES_ERROR;
				CLANG_WARN_DOCUMENTATION_COMMENTS = YES;
				CLANG_WARN_EMPTY_BODY = YES;
				CLANG_WARN_ENUM_CONVERSION = YES;
				CLANG_WARN_INFINITE_RECURSION = YES;
				CLANG_WARN_INT_CONVERSION = YES;
				CLANG_WARN_NON_LITERAL_NULL_CONVERSION = YES;
				CLANG_WARN_OBJC_IMPLICIT_RETAIN_SELF = YES;
				CLANG_WARN_OBJC_LITERAL_CONVERSION = YES;
				CLANG_WARN_OBJC_ROOT_CLASS = YES_ERROR;
				CLANG_WARN_QUOTED_INCLUDE_IN_FRAMEWORK_HEADER = YES;
				CLANG_WARN_RANGE_LOOP_ANALYSIS = YES;
				CLANG_WARN_STRICT_PROTOTYPES = YES;
				CLANG_WARN_SUSPICIOUS_MOVE = YES;
				CLANG_WARN_UNGUARDED_AVAILABILITY = YES_AGGRESSIVE;
				CLANG_WARN_UNREACHABLE_CODE = YES;
				CLANG_WARN__DUPLICATE_METHOD_MATCH = YES;
				COPY_PHASE_STRIP = NO;
				DEBUG_INFORMATION_FORMAT = "dwarf-with-dsym";
				ENABLE_NS_ASSERTIONS = NO;
				ENABLE_STRICT_OBJC_MSGSEND = YES;
				ENABLE_USER_SCRIPT_SANDBOXING = YES;
				GCC_C_LANGUAGE_STANDARD = gnu17;
				GCC_NO_COMMON_BLOCKS = YES;
				GCC_WARN_64_TO_32_BIT_CONVERSION = YES;
				GCC_WARN_ABOUT_RETURN_TYPE = YES_ERROR;
				GCC_WARN_UNDECLARED_SELECTOR = YES;
				GCC_WARN_UNINITIALIZED_AUTOS = YES_AGGRESSIVE;
				GCC_WARN_UNUSED_FUNCTION = YES;
				GCC_WARN_UNUSED_VARIABLE = YES;
				IPHONEOS_DEPLOYMENT_TARGET = 17.5;
				LOCALIZATION_PREFERS_STRING_CATALOGS = YES;
				MTL_ENABLE_DEBUG_INFO = NO;
				MTL_FAST_MATH = YES;
				SDKROOT = iphoneos;
				SWIFT_COMPILATION_MODE = wholemodule;
				VALIDATE_PRODUCT = YES;
			};
			name = Release;
		};
		D10F131E2C950535009B3C67 /* Debug */ = {
			isa = XCBuildConfiguration;
			buildSettings = {
				ASSETCATALOG_COMPILER_APPICON_NAME = AppIcon;
				ASSETCATALOG_COMPILER_GLOBAL_ACCENT_COLOR_NAME = AccentColor;
				CODE_SIGN_STYLE = Automatic;
				CURRENT_PROJECT_VERSION = 1;
				DEVELOPMENT_ASSET_PATHS = "\"DoughToBread/Preview Content\"";
				DEVELOPMENT_TEAM = 79F2J4XP93;
				ENABLE_PREVIEWS = YES;
				GENERATE_INFOPLIST_FILE = YES;
				INFOPLIST_FILE = DoughToBread/Info.plist;
				INFOPLIST_KEY_CFBundleDisplayName = DoughToBread;
				INFOPLIST_KEY_UIApplicationSceneManifest_Generation = YES;
				INFOPLIST_KEY_UIApplicationSupportsIndirectInputEvents = YES;
				INFOPLIST_KEY_UILaunchScreen_Generation = YES;
				INFOPLIST_KEY_UISupportedInterfaceOrientations_iPad = "UIInterfaceOrientationPortrait UIInterfaceOrientationPortraitUpsideDown UIInterfaceOrientationLandscapeLeft UIInterfaceOrientationLandscapeRight";
				INFOPLIST_KEY_UISupportedInterfaceOrientations_iPhone = "UIInterfaceOrientationPortrait UIInterfaceOrientationLandscapeLeft UIInterfaceOrientationLandscapeRight";
				LD_RUNPATH_SEARCH_PATHS = (
					"$(inherited)",
					"@executable_path/Frameworks",
				);
				MARKETING_VERSION = 1.0;
				PRODUCT_BUNDLE_IDENTIFIER = edu.usc.DoughToBread;
				PRODUCT_NAME = "$(TARGET_NAME)";
				SWIFT_EMIT_LOC_STRINGS = YES;
				SWIFT_VERSION = 5.0;
				TARGETED_DEVICE_FAMILY = "1,2";
			};
			name = Debug;
		};
		D10F131F2C950535009B3C67 /* Release */ = {
			isa = XCBuildConfiguration;
			buildSettings = {
				ASSETCATALOG_COMPILER_APPICON_NAME = AppIcon;
				ASSETCATALOG_COMPILER_GLOBAL_ACCENT_COLOR_NAME = AccentColor;
				CODE_SIGN_STYLE = Automatic;
				CURRENT_PROJECT_VERSION = 1;
				DEVELOPMENT_ASSET_PATHS = "\"DoughToBread/Preview Content\"";
				DEVELOPMENT_TEAM = 79F2J4XP93;
				ENABLE_PREVIEWS = YES;
				GENERATE_INFOPLIST_FILE = YES;
				INFOPLIST_FILE = DoughToBread/Info.plist;
				INFOPLIST_KEY_CFBundleDisplayName = DoughToBread;
				INFOPLIST_KEY_UIApplicationSceneManifest_Generation = YES;
				INFOPLIST_KEY_UIApplicationSupportsIndirectInputEvents = YES;
				INFOPLIST_KEY_UILaunchScreen_Generation = YES;
				INFOPLIST_KEY_UISupportedInterfaceOrientations_iPad = "UIInterfaceOrientationPortrait UIInterfaceOrientationPortraitUpsideDown UIInterfaceOrientationLandscapeLeft UIInterfaceOrientationLandscapeRight";
				INFOPLIST_KEY_UISupportedInterfaceOrientations_iPhone = "UIInterfaceOrientationPortrait UIInterfaceOrientationLandscapeLeft UIInterfaceOrientationLandscapeRight";
				LD_RUNPATH_SEARCH_PATHS = (
					"$(inherited)",
					"@executable_path/Frameworks",
				);
				MARKETING_VERSION = 1.0;
				PRODUCT_BUNDLE_IDENTIFIER = edu.usc.DoughToBread;
				PRODUCT_NAME = "$(TARGET_NAME)";
				SWIFT_EMIT_LOC_STRINGS = YES;
				SWIFT_VERSION = 5.0;
				TARGETED_DEVICE_FAMILY = "1,2";
			};
			name = Release;
		};
		D10F13212C950535009B3C67 /* Debug */ = {
			isa = XCBuildConfiguration;
			buildSettings = {
				ALWAYS_EMBED_SWIFT_STANDARD_LIBRARIES = YES;
				BUNDLE_LOADER = "$(TEST_HOST)";
				CODE_SIGN_STYLE = Automatic;
				CURRENT_PROJECT_VERSION = 1;
				GENERATE_INFOPLIST_FILE = YES;
				IPHONEOS_DEPLOYMENT_TARGET = 17.5;
				MARKETING_VERSION = 1.0;
				PRODUCT_BUNDLE_IDENTIFIER = edu.usc.DoughToBreadTests;
				PRODUCT_NAME = "$(TARGET_NAME)";
				SWIFT_EMIT_LOC_STRINGS = NO;
				SWIFT_VERSION = 5.0;
				TARGETED_DEVICE_FAMILY = "1,2";
				TEST_HOST = "$(BUILT_PRODUCTS_DIR)/DoughToBread.app/$(BUNDLE_EXECUTABLE_FOLDER_PATH)/DoughToBread";
			};
			name = Debug;
		};
		D10F13222C950535009B3C67 /* Release */ = {
			isa = XCBuildConfiguration;
			buildSettings = {
				ALWAYS_EMBED_SWIFT_STANDARD_LIBRARIES = YES;
				BUNDLE_LOADER = "$(TEST_HOST)";
				CODE_SIGN_STYLE = Automatic;
				CURRENT_PROJECT_VERSION = 1;
				GENERATE_INFOPLIST_FILE = YES;
				IPHONEOS_DEPLOYMENT_TARGET = 17.5;
				MARKETING_VERSION = 1.0;
				PRODUCT_BUNDLE_IDENTIFIER = edu.usc.DoughToBreadTests;
				PRODUCT_NAME = "$(TARGET_NAME)";
				SWIFT_EMIT_LOC_STRINGS = NO;
				SWIFT_VERSION = 5.0;
				TARGETED_DEVICE_FAMILY = "1,2";
				TEST_HOST = "$(BUILT_PRODUCTS_DIR)/DoughToBread.app/$(BUNDLE_EXECUTABLE_FOLDER_PATH)/DoughToBread";
			};
			name = Release;
		};
		D10F13242C950535009B3C67 /* Debug */ = {
			isa = XCBuildConfiguration;
			buildSettings = {
				ALWAYS_EMBED_SWIFT_STANDARD_LIBRARIES = YES;
				CODE_SIGN_STYLE = Automatic;
				CURRENT_PROJECT_VERSION = 1;
				GENERATE_INFOPLIST_FILE = YES;
				MARKETING_VERSION = 1.0;
				PRODUCT_BUNDLE_IDENTIFIER = edu.usc.DoughToBreadUITests;
				PRODUCT_NAME = "$(TARGET_NAME)";
				SWIFT_EMIT_LOC_STRINGS = NO;
				SWIFT_VERSION = 5.0;
				TARGETED_DEVICE_FAMILY = "1,2";
				TEST_TARGET_NAME = DoughToBread;
			};
			name = Debug;
		};
		D10F13252C950535009B3C67 /* Release */ = {
			isa = XCBuildConfiguration;
			buildSettings = {
				ALWAYS_EMBED_SWIFT_STANDARD_LIBRARIES = YES;
				CODE_SIGN_STYLE = Automatic;
				CURRENT_PROJECT_VERSION = 1;
				GENERATE_INFOPLIST_FILE = YES;
				MARKETING_VERSION = 1.0;
				PRODUCT_BUNDLE_IDENTIFIER = edu.usc.DoughToBreadUITests;
				PRODUCT_NAME = "$(TARGET_NAME)";
				SWIFT_EMIT_LOC_STRINGS = NO;
				SWIFT_VERSION = 5.0;
				TARGETED_DEVICE_FAMILY = "1,2";
				TEST_TARGET_NAME = DoughToBread;
			};
			name = Release;
		};
/* End XCBuildConfiguration section */

/* Begin XCConfigurationList section */
		D10F12F42C950532009B3C67 /* Build configuration list for PBXProject "DoughToBread" */ = {
			isa = XCConfigurationList;
			buildConfigurations = (
				D10F131B2C950535009B3C67 /* Debug */,
				D10F131C2C950535009B3C67 /* Release */,
			);
			defaultConfigurationIsVisible = 0;
			defaultConfigurationName = Release;
		};
		D10F131D2C950535009B3C67 /* Build configuration list for PBXNativeTarget "DoughToBread" */ = {
			isa = XCConfigurationList;
			buildConfigurations = (
				D10F131E2C950535009B3C67 /* Debug */,
				D10F131F2C950535009B3C67 /* Release */,
			);
			defaultConfigurationIsVisible = 0;
			defaultConfigurationName = Release;
		};
		D10F13202C950535009B3C67 /* Build configuration list for PBXNativeTarget "DoughToBreadTests" */ = {
			isa = XCConfigurationList;
			buildConfigurations = (
				D10F13212C950535009B3C67 /* Debug */,
				D10F13222C950535009B3C67 /* Release */,
			);
			defaultConfigurationIsVisible = 0;
			defaultConfigurationName = Release;
		};
		D10F13232C950535009B3C67 /* Build configuration list for PBXNativeTarget "DoughToBreadUITests" */ = {
			isa = XCConfigurationList;
			buildConfigurations = (
				D10F13242C950535009B3C67 /* Debug */,
				D10F13252C950535009B3C67 /* Release */,
			);
			defaultConfigurationIsVisible = 0;
			defaultConfigurationName = Release;
		};
/* End XCConfigurationList section */

/* Begin XCRemoteSwiftPackageReference section */
		D127A9D72C98337A00C402C0 /* XCRemoteSwiftPackageReference "firebase-ios-sdk" */ = {
			isa = XCRemoteSwiftPackageReference;
			repositoryURL = "https://github.com/firebase/firebase-ios-sdk";
			requirement = {
				kind = upToNextMajorVersion;
				minimumVersion = 11.2.0;
			};
		};
		D127A9DC2C98338600C402C0 /* XCRemoteSwiftPackageReference "GoogleSignIn-iOS" */ = {
			isa = XCRemoteSwiftPackageReference;
			repositoryURL = "https://github.com/google/GoogleSignIn-iOS";
			requirement = {
				kind = upToNextMajorVersion;
				minimumVersion = 8.0.0;
			};
		};
/* End XCRemoteSwiftPackageReference section */

/* Begin XCSwiftPackageProductDependency section */
		D127A9D82C98337A00C402C0 /* FirebaseAuth */ = {
			isa = XCSwiftPackageProductDependency;
			package = D127A9D72C98337A00C402C0 /* XCRemoteSwiftPackageReference "firebase-ios-sdk" */;
			productName = FirebaseAuth;
		};
		D127A9DA2C98337A00C402C0 /* FirebaseFirestore */ = {
			isa = XCSwiftPackageProductDependency;
			package = D127A9D72C98337A00C402C0 /* XCRemoteSwiftPackageReference "firebase-ios-sdk" */;
			productName = FirebaseFirestore;
		};
		D127A9DD2C98338600C402C0 /* GoogleSignIn */ = {
			isa = XCSwiftPackageProductDependency;
			package = D127A9DC2C98338600C402C0 /* XCRemoteSwiftPackageReference "GoogleSignIn-iOS" */;
			productName = GoogleSignIn;
		};
		D127A9DF2C98338600C402C0 /* GoogleSignInSwift */ = {
			isa = XCSwiftPackageProductDependency;
			package = D127A9DC2C98338600C402C0 /* XCRemoteSwiftPackageReference "GoogleSignIn-iOS" */;
			productName = GoogleSignInSwift;
		};
/* End XCSwiftPackageProductDependency section */
	};
	rootObject = D10F12F12C950532009B3C67 /* Project object */;
}
